
Microsoft Visual Studio Solution File, Format Version 12.00
# Visual Studio 2012
Project("{FAE04EC0-301F-11D3-BF4B-00C04F79EFBC}") = "01.Convert_from_base_10_to_base_N", "01.Convert_from_base_10_to_base_N\01.Convert_from_base_10_to_base_N.csproj", "{17487786-4B1B-40F8-BDF6-E6229055E740}"
EndProject
Project("{FAE04EC0-301F-11D3-BF4B-00C04F79EFBC}") = "02.Convert_from_base_N_to_base_10", "02.Convert_from_base_N_to_base_10\02.Convert_from_base_N_to_base_10.csproj", "{94B4FD39-276E-4CE8-8387-EEC0912594B9}"
EndProject
Project("{FAE04EC0-301F-11D3-BF4B-00C04F79EFBC}") = "03.Unicode_Characters", "03.Unicode_Characters\03.Unicode_Characters.csproj", "{77D7CAB9-3416-458B-AFD1-ECE72E460E20}"
EndProject
Project("{FAE04EC0-301F-11D3-BF4B-00C04F79EFBC}") = "04.Character_Multiplier", "04.Character_Multiplier\04.Character_Multiplier.csproj", "{8FE53F2B-B435-4C21-87B1-694027EB7AA5}"
EndProject
Project("{FAE04EC0-301F-11D3-BF4B-00C04F79EFBC}") = "05.Magic_exchangeable_words", "05.Magic_exchangeable_words\05.Magic_exchangeable_words.csproj", "{FAD95729-90CE-4D82-8973-80EE43DA1685}"
EndProject
Global
	GlobalSection(SolutionConfigurationPlatforms) = preSolution
		Debug|x86 = Debug|x86
		Release|x86 = Release|x86
	EndGlobalSection
	GlobalSection(ProjectConfigurationPlatforms) = postSolution
		{17487786-4B1B-40F8-BDF6-E6229055E740}.Debug|x86.ActiveCfg = Debug|x86
		{17487786-4B1B-40F8-BDF6-E6229055E740}.Debug|x86.Build.0 = Debug|x86
		{17487786-4B1B-40F8-BDF6-E6229055E740}.Release|x86.ActiveCfg = Release|x86
		{17487786-4B1B-40F8-BDF6-E6229055E740}.Release|x86.Build.0 = Release|x86
		{94B4FD39-276E-4CE8-8387-EEC0912594B9}.Debug|x86.ActiveCfg = Debug|x86
		{94B4FD39-276E-4CE8-8387-EEC0912594B9}.Debug|x86.Build.0 = Debug|x86
		{94B4FD39-276E-4CE8-8387-EEC0912594B9}.Release|x86.ActiveCfg = Release|x86
		{94B4FD39-276E-4CE8-8387-EEC0912594B9}.Release|x86.Build.0 = Release|x86
		{77D7CAB9-3416-458B-AFD1-ECE72E460E20}.Debug|x86.ActiveCfg = Debug|x86
		{77D7CAB9-3416-458B-AFD1-ECE72E460E20}.Debug|x86.Build.0 = Debug|x86
		{77D7CAB9-3416-458B-AFD1-ECE72E460E20}.Release|x86.ActiveCfg = Release|x86
		{77D7CAB9-3416-458B-AFD1-ECE72E460E20}.Release|x86.Build.0 = Release|x86
		{8FE53F2B-B435-4C21-87B1-694027EB7AA5}.Debug|x86.ActiveCfg = Debug|x86
		{8FE53F2B-B435-4C21-87B1-694027EB7AA5}.Debug|x86.Build.0 = Debug|x86
		{8FE53F2B-B435-4C21-87B1-694027EB7AA5}.Release|x86.ActiveCfg = Release|x86
		{8FE53F2B-B435-4C21-87B1-694027EB7AA5}.Release|x86.Build.0 = Release|x86
		{FAD95729-90CE-4D82-8973-80EE43DA1685}.Debug|x86.ActiveCfg = Debug|x86
		{FAD95729-90CE-4D82-8973-80EE43DA1685}.Debug|x86.Build.0 = Debug|x86
		{FAD95729-90CE-4D82-8973-80EE43DA1685}.Release|x86.ActiveCfg = Release|x86
		{FAD95729-90CE-4D82-8973-80EE43DA1685}.Release|x86.Build.0 = Release|x86
	EndGlobalSection
EndGlobal
