
Microsoft Visual Studio Solution File, Format Version 12.00
# Visual Studio 2012
Project("{FAE04EC0-301F-11D3-BF4B-00C04F79EFBC}") = "01.Day_of_Week", "01.Day_of_Week\01.Day_of_Week.csproj", "{795186FB-03B8-4216-9C71-46958DCBA451}"
EndProject
Project("{FAE04EC0-301F-11D3-BF4B-00C04F79EFBC}") = "02.Reverse_Array_of_Integers", "02.Reverse_Array_of_Integers\02.Reverse_Array_of_Integers.csproj", "{BE85C10D-7DB5-438E-A1C6-9759FDCE0BA4}"
EndProject
Project("{FAE04EC0-301F-11D3-BF4B-00C04F79EFBC}") = "03.Last_K_Numbers_Sums", "03.Last_K_Numbers_Sums\03.Last_K_Numbers_Sums.csproj", "{474F1340-7058-4B5C-AD8D-30DA9EE3E61F}"
EndProject
Project("{FAE04EC0-301F-11D3-BF4B-00C04F79EFBC}") = "04.Triple_Sum", "04.Triple_Sum\04.Triple_Sum.csproj", "{9C7FABB2-EB9B-4154-B81B-2E608A0E6293}"
EndProject
Project("{FAE04EC0-301F-11D3-BF4B-00C04F79EFBC}") = "05.RoundingNumbers", "05.RoundingNumbers\05.RoundingNumbers.csproj", "{03EB9B6C-3A2C-450D-985A-C991B038A697}"
EndProject
Project("{FAE04EC0-301F-11D3-BF4B-00C04F79EFBC}") = "06.Reverse_Array_of_Strings", "06.Reverse_Array_of_Strings\06.Reverse_Array_of_Strings.csproj", "{BB8872E2-946D-4053-B9D5-4323C0BEF348}"
EndProject
Project("{FAE04EC0-301F-11D3-BF4B-00C04F79EFBC}") = "07.Sum_Arrays", "07.Sum_Arrays\07.Sum_Arrays.csproj", "{0A9E897A-0B68-4AE4-9C5A-11E71FCBC672}"
EndProject
Project("{FAE04EC0-301F-11D3-BF4B-00C04F79EFBC}") = "08.Condense_Array_to_Number", "08.Condense_Array_to_Number\08.Condense_Array_to_Number.csproj", "{D410C462-72F2-4768-9F48-E6CB11CC480F}"
EndProject
Project("{FAE04EC0-301F-11D3-BF4B-00C04F79EFBC}") = "09.Extract_Middle_Elements", "09.Extract_Middle_Elements\09.Extract_Middle_Elements.csproj", "{EAC66920-5797-4F51-A4D2-967C581B1ED5}"
EndProject
Global
	GlobalSection(SolutionConfigurationPlatforms) = preSolution
		Debug|x86 = Debug|x86
		Release|x86 = Release|x86
	EndGlobalSection
	GlobalSection(ProjectConfigurationPlatforms) = postSolution
		{795186FB-03B8-4216-9C71-46958DCBA451}.Debug|x86.ActiveCfg = Debug|x86
		{795186FB-03B8-4216-9C71-46958DCBA451}.Debug|x86.Build.0 = Debug|x86
		{795186FB-03B8-4216-9C71-46958DCBA451}.Release|x86.ActiveCfg = Release|x86
		{795186FB-03B8-4216-9C71-46958DCBA451}.Release|x86.Build.0 = Release|x86
		{BE85C10D-7DB5-438E-A1C6-9759FDCE0BA4}.Debug|x86.ActiveCfg = Debug|x86
		{BE85C10D-7DB5-438E-A1C6-9759FDCE0BA4}.Debug|x86.Build.0 = Debug|x86
		{BE85C10D-7DB5-438E-A1C6-9759FDCE0BA4}.Release|x86.ActiveCfg = Release|x86
		{BE85C10D-7DB5-438E-A1C6-9759FDCE0BA4}.Release|x86.Build.0 = Release|x86
		{474F1340-7058-4B5C-AD8D-30DA9EE3E61F}.Debug|x86.ActiveCfg = Debug|x86
		{474F1340-7058-4B5C-AD8D-30DA9EE3E61F}.Debug|x86.Build.0 = Debug|x86
		{474F1340-7058-4B5C-AD8D-30DA9EE3E61F}.Release|x86.ActiveCfg = Release|x86
		{474F1340-7058-4B5C-AD8D-30DA9EE3E61F}.Release|x86.Build.0 = Release|x86
		{9C7FABB2-EB9B-4154-B81B-2E608A0E6293}.Debug|x86.ActiveCfg = Debug|x86
		{9C7FABB2-EB9B-4154-B81B-2E608A0E6293}.Debug|x86.Build.0 = Debug|x86
		{9C7FABB2-EB9B-4154-B81B-2E608A0E6293}.Release|x86.ActiveCfg = Release|x86
		{9C7FABB2-EB9B-4154-B81B-2E608A0E6293}.Release|x86.Build.0 = Release|x86
		{03EB9B6C-3A2C-450D-985A-C991B038A697}.Debug|x86.ActiveCfg = Debug|x86
		{03EB9B6C-3A2C-450D-985A-C991B038A697}.Debug|x86.Build.0 = Debug|x86
		{03EB9B6C-3A2C-450D-985A-C991B038A697}.Release|x86.ActiveCfg = Release|x86
		{03EB9B6C-3A2C-450D-985A-C991B038A697}.Release|x86.Build.0 = Release|x86
		{BB8872E2-946D-4053-B9D5-4323C0BEF348}.Debug|x86.ActiveCfg = Debug|x86
		{BB8872E2-946D-4053-B9D5-4323C0BEF348}.Debug|x86.Build.0 = Debug|x86
		{BB8872E2-946D-4053-B9D5-4323C0BEF348}.Release|x86.ActiveCfg = Release|x86
		{BB8872E2-946D-4053-B9D5-4323C0BEF348}.Release|x86.Build.0 = Release|x86
		{0A9E897A-0B68-4AE4-9C5A-11E71FCBC672}.Debug|x86.ActiveCfg = Debug|x86
		{0A9E897A-0B68-4AE4-9C5A-11E71FCBC672}.Debug|x86.Build.0 = Debug|x86
		{0A9E897A-0B68-4AE4-9C5A-11E71FCBC672}.Release|x86.ActiveCfg = Release|x86
		{0A9E897A-0B68-4AE4-9C5A-11E71FCBC672}.Release|x86.Build.0 = Release|x86
		{D410C462-72F2-4768-9F48-E6CB11CC480F}.Debug|x86.ActiveCfg = Debug|x86
		{D410C462-72F2-4768-9F48-E6CB11CC480F}.Debug|x86.Build.0 = Debug|x86
		{D410C462-72F2-4768-9F48-E6CB11CC480F}.Release|x86.ActiveCfg = Release|x86
		{D410C462-72F2-4768-9F48-E6CB11CC480F}.Release|x86.Build.0 = Release|x86
		{EAC66920-5797-4F51-A4D2-967C581B1ED5}.Debug|x86.ActiveCfg = Debug|x86
		{EAC66920-5797-4F51-A4D2-967C581B1ED5}.Debug|x86.Build.0 = Debug|x86
		{EAC66920-5797-4F51-A4D2-967C581B1ED5}.Release|x86.ActiveCfg = Release|x86
		{EAC66920-5797-4F51-A4D2-967C581B1ED5}.Release|x86.Build.0 = Release|x86
	EndGlobalSection
EndGlobal
